
Microsoft Visual Studio Solution File, Format Version 12.00
# Visual Studio Version 17
VisualStudioVersion = 17.8.34511.84
MinimumVisualStudioVersion = 10.0.40219.1
Project("{FAE04EC0-301F-11D3-BF4B-00C04F79EFBC}") = "TestProject1", "TestProject1\TestProject1.csproj", "{87A0041E-42F4-416B-A32C-BD6651AD8F8F}"
EndProject
Project("{FAE04EC0-301F-11D3-BF4B-00C04F79EFBC}") = "TestProject2", "TestProject2\TestProject2.csproj", "{ED4E3B42-C9D7-4F76-9FDA-E4CB120B5A97}"
EndProject
Global
	GlobalSection(SolutionConfigurationPlatforms) = preSolution
		Debug|Any CPU = Debug|Any CPU
		Release|Any CPU = Release|Any CPU
	EndGlobalSection
	GlobalSection(ProjectConfigurationPlatforms) = postSolution
		{87A0041E-42F4-416B-A32C-BD6651AD8F8F}.Debug|Any CPU.ActiveCfg = Debug|Any CPU
		{87A0041E-42F4-416B-A32C-BD6651AD8F8F}.Debug|Any CPU.Build.0 = Debug|Any CPU
		{87A0041E-42F4-416B-A32C-BD6651AD8F8F}.Release|Any CPU.ActiveCfg = Release|Any CPU
		{87A0041E-42F4-416B-A32C-BD6651AD8F8F}.Release|Any CPU.Build.0 = Release|Any CPU
		{ED4E3B42-C9D7-4F76-9FDA-E4CB120B5A97}.Debug|Any CPU.ActiveCfg = Debug|Any CPU
		{ED4E3B42-C9D7-4F76-9FDA-E4CB120B5A97}.Debug|Any CPU.Build.0 = Debug|Any CPU
		{ED4E3B42-C9D7-4F76-9FDA-E4CB120B5A97}.Release|Any CPU.ActiveCfg = Release|Any CPU
		{ED4E3B42-C9D7-4F76-9FDA-E4CB120B5A97}.Release|Any CPU.Build.0 = Release|Any CPU
	EndGlobalSection
	GlobalSection(SolutionProperties) = preSolution
		HideSolutionNode = FALSE
	EndGlobalSection
	GlobalSection(ExtensibilityGlobals) = postSolution
		SolutionGuid = {F7A3ABDD-FC51-4A6F-B9F4-D48D1DE313C0}
	EndGlobalSection
EndGlobal
